
Microsoft Visual Studio Solution File, Format Version 12.00
Project("{FAE04EC0-301F-11D3-BF4B-00C04F79EFBC}") = "Yosan.Auth", "Yosan.Auth\Yosan.Auth.csproj", "{2C8482F9-B2A5-4A32-B661-B44BCDCA6158}"
EndProject
Project("{FAE04EC0-301F-11D3-BF4B-00C04F79EFBC}") = "Yosan.Core", "Yosan.Core\Yosan.Core.csproj", "{C73904B7-5463-4C99-9CEC-80DFC2E1B791}"
EndProject
Project("{FAE04EC0-301F-11D3-BF4B-00C04F79EFBC}") = "Yosan.Gateway", "Yosan.Gateway\Yosan.Gateway.csproj", "{51A9E7EA-0723-4423-B972-202314407ABE}"
EndProject
Global
	GlobalSection(SolutionConfigurationPlatforms) = preSolution
		Debug|Any CPU = Debug|Any CPU
		Release|Any CPU = Release|Any CPU
	EndGlobalSection
	GlobalSection(ProjectConfigurationPlatforms) = postSolution
		{2C8482F9-B2A5-4A32-B661-B44BCDCA6158}.Debug|Any CPU.ActiveCfg = Debug|Any CPU
		{2C8482F9-B2A5-4A32-B661-B44BCDCA6158}.Debug|Any CPU.Build.0 = Debug|Any CPU
		{2C8482F9-B2A5-4A32-B661-B44BCDCA6158}.Release|Any CPU.ActiveCfg = Release|Any CPU
		{2C8482F9-B2A5-4A32-B661-B44BCDCA6158}.Release|Any CPU.Build.0 = Release|Any CPU
		{C73904B7-5463-4C99-9CEC-80DFC2E1B791}.Debug|Any CPU.ActiveCfg = Debug|Any CPU
		{C73904B7-5463-4C99-9CEC-80DFC2E1B791}.Debug|Any CPU.Build.0 = Debug|Any CPU
		{C73904B7-5463-4C99-9CEC-80DFC2E1B791}.Release|Any CPU.ActiveCfg = Release|Any CPU
		{C73904B7-5463-4C99-9CEC-80DFC2E1B791}.Release|Any CPU.Build.0 = Release|Any CPU
		{51A9E7EA-0723-4423-B972-202314407ABE}.Debug|Any CPU.ActiveCfg = Debug|Any CPU
		{51A9E7EA-0723-4423-B972-202314407ABE}.Debug|Any CPU.Build.0 = Debug|Any CPU
		{51A9E7EA-0723-4423-B972-202314407ABE}.Release|Any CPU.ActiveCfg = Release|Any CPU
		{51A9E7EA-0723-4423-B972-202314407ABE}.Release|Any CPU.Build.0 = Release|Any CPU
	EndGlobalSection
EndGlobal
